
Microsoft Visual Studio Solution File, Format Version 12.00
# Visual Studio Version 17
VisualStudioVersion = 17.11.35303.130
MinimumVisualStudioVersion = 10.0.40219.1
Project("{2150E333-8FDC-42A3-9474-1A3956D46DE8}") = "Services", "Services", "{6D76DD33-0DC5-4CCA-B15C-3CE9B5EE3389}"
EndProject
Project("{2150E333-8FDC-42A3-9474-1A3956D46DE8}") = "Catalog", "Catalog", "{03538A00-11DA-4533-B226-E3FBF0EB6A7B}"
EndProject
Project("{9A19103F-16F7-4668-BE54-9A1E7A4F7556}") = "Catalog.API", "ServiceCatalog\Catalog.API\Catalog.API.csproj", "{D0269F5D-C60C-4112-9DEB-3476A1CA633B}"
EndProject
Project("{2150E333-8FDC-42A3-9474-1A3956D46DE8}") = "BuildingBlocks", "BuildingBlocks", "{19B7CBC3-9229-4A48-A679-D4F9F3495698}"
EndProject
Project("{9A19103F-16F7-4668-BE54-9A1E7A4F7556}") = "BuildingBlocks", "BuildingBlocks\BuildingBlocks\BuildingBlocks.csproj", "{0792A0E6-5CBC-458A-87F1-258F1E50AC92}"
EndProject
Project("{E53339B2-1760-4266-BCC7-CA923CBCF16C}") = "docker-compose", "docker-compose.dcproj", "{25B0B172-3F0C-4472-A8BC-2952D5D91974}"
EndProject
Project("{2150E333-8FDC-42A3-9474-1A3956D46DE8}") = "Basket", "Basket", "{E9645335-69D7-4A3A-BEF1-6C7A515F6E41}"
EndProject
Project("{FAE04EC0-301F-11D3-BF4B-00C04F79EFBC}") = "Basket.API", "Basket\Basket.API\Basket.API.csproj", "{011193C9-4215-4152-869B-2FFD3266149F}"
EndProject
Global
	GlobalSection(SolutionConfigurationPlatforms) = preSolution
		Debug|Any CPU = Debug|Any CPU
		Release|Any CPU = Release|Any CPU
	EndGlobalSection
	GlobalSection(ProjectConfigurationPlatforms) = postSolution
		{D0269F5D-C60C-4112-9DEB-3476A1CA633B}.Debug|Any CPU.ActiveCfg = Debug|Any CPU
		{D0269F5D-C60C-4112-9DEB-3476A1CA633B}.Debug|Any CPU.Build.0 = Debug|Any CPU
		{D0269F5D-C60C-4112-9DEB-3476A1CA633B}.Release|Any CPU.ActiveCfg = Release|Any CPU
		{D0269F5D-C60C-4112-9DEB-3476A1CA633B}.Release|Any CPU.Build.0 = Release|Any CPU
		{0792A0E6-5CBC-458A-87F1-258F1E50AC92}.Debug|Any CPU.ActiveCfg = Debug|Any CPU
		{0792A0E6-5CBC-458A-87F1-258F1E50AC92}.Debug|Any CPU.Build.0 = Debug|Any CPU
		{0792A0E6-5CBC-458A-87F1-258F1E50AC92}.Release|Any CPU.ActiveCfg = Release|Any CPU
		{0792A0E6-5CBC-458A-87F1-258F1E50AC92}.Release|Any CPU.Build.0 = Release|Any CPU
		{25B0B172-3F0C-4472-A8BC-2952D5D91974}.Debug|Any CPU.ActiveCfg = Debug|Any CPU
		{25B0B172-3F0C-4472-A8BC-2952D5D91974}.Debug|Any CPU.Build.0 = Debug|Any CPU
		{25B0B172-3F0C-4472-A8BC-2952D5D91974}.Release|Any CPU.ActiveCfg = Release|Any CPU
		{25B0B172-3F0C-4472-A8BC-2952D5D91974}.Release|Any CPU.Build.0 = Release|Any CPU
		{011193C9-4215-4152-869B-2FFD3266149F}.Debug|Any CPU.ActiveCfg = Debug|Any CPU
		{011193C9-4215-4152-869B-2FFD3266149F}.Debug|Any CPU.Build.0 = Debug|Any CPU
		{011193C9-4215-4152-869B-2FFD3266149F}.Release|Any CPU.ActiveCfg = Release|Any CPU
		{011193C9-4215-4152-869B-2FFD3266149F}.Release|Any CPU.Build.0 = Release|Any CPU
	EndGlobalSection
	GlobalSection(SolutionProperties) = preSolution
		HideSolutionNode = FALSE
	EndGlobalSection
	GlobalSection(NestedProjects) = preSolution
		{03538A00-11DA-4533-B226-E3FBF0EB6A7B} = {6D76DD33-0DC5-4CCA-B15C-3CE9B5EE3389}
		{D0269F5D-C60C-4112-9DEB-3476A1CA633B} = {03538A00-11DA-4533-B226-E3FBF0EB6A7B}
		{0792A0E6-5CBC-458A-87F1-258F1E50AC92} = {19B7CBC3-9229-4A48-A679-D4F9F3495698}
		{E9645335-69D7-4A3A-BEF1-6C7A515F6E41} = {6D76DD33-0DC5-4CCA-B15C-3CE9B5EE3389}
		{011193C9-4215-4152-869B-2FFD3266149F} = {E9645335-69D7-4A3A-BEF1-6C7A515F6E41}
	EndGlobalSection
	GlobalSection(ExtensibilityGlobals) = postSolution
		SolutionGuid = {2D88E6E8-9411-4899-9B7D-5558EAC9B7DA}
	EndGlobalSection
EndGlobal
