
Microsoft Visual Studio Solution File, Format Version 12.00
# Visual Studio Version 17
VisualStudioVersion = 17.11.35303.130
MinimumVisualStudioVersion = 10.0.40219.1
Project("{2150E333-8FDC-42A3-9474-1A3956D46DE8}") = "Services", "Services", "{6D76DD33-0DC5-4CCA-B15C-3CE9B5EE3389}"
EndProject
Project("{2150E333-8FDC-42A3-9474-1A3956D46DE8}") = "Catalog", "Catalog", "{03538A00-11DA-4533-B226-E3FBF0EB6A7B}"
EndProject
Project("{9A19103F-16F7-4668-BE54-9A1E7A4F7556}") = "Catalog.API", "ServiceCatalog\Catalog.API\Catalog.API.csproj", "{D0269F5D-C60C-4112-9DEB-3476A1CA633B}"
EndProject
Project("{2150E333-8FDC-42A3-9474-1A3956D46DE8}") = "BuildingBlocks", "BuildingBlocks", "{19B7CBC3-9229-4A48-A679-D4F9F3495698}"
EndProject
Project("{9A19103F-16F7-4668-BE54-9A1E7A4F7556}") = "BuildingBlocks", "BuildingBlocks\BuildingBlocks\BuildingBlocks.csproj", "{0792A0E6-5CBC-458A-87F1-258F1E50AC92}"
EndProject
Project("{E53339B2-1760-4266-BCC7-CA923CBCF16C}") = "docker-compose", "docker-compose.dcproj", "{25B0B172-3F0C-4472-A8BC-2952D5D91974}"
EndProject
Project("{2150E333-8FDC-42A3-9474-1A3956D46DE8}") = "Basket", "Basket", "{E9645335-69D7-4A3A-BEF1-6C7A515F6E41}"
EndProject
Project("{9A19103F-16F7-4668-BE54-9A1E7A4F7556}") = "Basket.API", "Basket\Basket.API\Basket.API.csproj", "{011193C9-4215-4152-869B-2FFD3266149F}"
EndProject
Project("{2150E333-8FDC-42A3-9474-1A3956D46DE8}") = "Discount", "Discount", "{C8CDE959-9E27-40AF-A384-1D3269C4110A}"
EndProject
Project("{9A19103F-16F7-4668-BE54-9A1E7A4F7556}") = "Discount.Grpc", "Services\Discount\Discount.Grpc\Discount.Grpc.csproj", "{D7D61397-95B7-491D-B808-5C5D9D111AB5}"
EndProject
Project("{2150E333-8FDC-42A3-9474-1A3956D46DE8}") = "Ordering", "Ordering", "{597155E9-2EF3-434C-9458-7BC3AC76698F}"
EndProject
Project("{9A19103F-16F7-4668-BE54-9A1E7A4F7556}") = "Ordering.API", "Services\Ordering\Ordering.API\Ordering.API.csproj", "{B23B58FF-DBFE-4E13-B453-7E51F0931C67}"
EndProject
Project("{9A19103F-16F7-4668-BE54-9A1E7A4F7556}") = "Ordering.Domain", "Services\Ordering\Ordering.Domain\Ordering.Domain.csproj", "{52872EC3-AC34-4114-A535-9E823EA23D80}"
EndProject
Project("{9A19103F-16F7-4668-BE54-9A1E7A4F7556}") = "Ordering.Application", "Services\Ordering\Ordering.Application\Ordering.Application.csproj", "{2E4ADB92-6F6F-4D42-B601-EBCE8EB445A0}"
EndProject
Project("{9A19103F-16F7-4668-BE54-9A1E7A4F7556}") = "Ordering.Infrastructure", "Services\Ordering\Ordering.Infrastructure\Ordering.Infrastructure.csproj", "{4161EA36-C1B6-4DC5-9BB5-510C889A7F2F}"
EndProject
Project("{FAE04EC0-301F-11D3-BF4B-00C04F79EFBC}") = "BuildingBlocks.Messaging", "BuildingBlocks\BuildingBlocks.Messaging\BuildingBlocks.Messaging.csproj", "{CA52FDD4-214A-44C0-8F61-EBF00E79F007}"
EndProject
Global
	GlobalSection(SolutionConfigurationPlatforms) = preSolution
		Debug|Any CPU = Debug|Any CPU
		Release|Any CPU = Release|Any CPU
	EndGlobalSection
	GlobalSection(ProjectConfigurationPlatforms) = postSolution
		{D0269F5D-C60C-4112-9DEB-3476A1CA633B}.Debug|Any CPU.ActiveCfg = Debug|Any CPU
		{D0269F5D-C60C-4112-9DEB-3476A1CA633B}.Debug|Any CPU.Build.0 = Debug|Any CPU
		{D0269F5D-C60C-4112-9DEB-3476A1CA633B}.Release|Any CPU.ActiveCfg = Release|Any CPU
		{D0269F5D-C60C-4112-9DEB-3476A1CA633B}.Release|Any CPU.Build.0 = Release|Any CPU
		{0792A0E6-5CBC-458A-87F1-258F1E50AC92}.Debug|Any CPU.ActiveCfg = Debug|Any CPU
		{0792A0E6-5CBC-458A-87F1-258F1E50AC92}.Debug|Any CPU.Build.0 = Debug|Any CPU
		{0792A0E6-5CBC-458A-87F1-258F1E50AC92}.Release|Any CPU.ActiveCfg = Release|Any CPU
		{0792A0E6-5CBC-458A-87F1-258F1E50AC92}.Release|Any CPU.Build.0 = Release|Any CPU
		{25B0B172-3F0C-4472-A8BC-2952D5D91974}.Debug|Any CPU.ActiveCfg = Debug|Any CPU
		{25B0B172-3F0C-4472-A8BC-2952D5D91974}.Debug|Any CPU.Build.0 = Debug|Any CPU
		{25B0B172-3F0C-4472-A8BC-2952D5D91974}.Release|Any CPU.ActiveCfg = Release|Any CPU
		{25B0B172-3F0C-4472-A8BC-2952D5D91974}.Release|Any CPU.Build.0 = Release|Any CPU
		{011193C9-4215-4152-869B-2FFD3266149F}.Debug|Any CPU.ActiveCfg = Debug|Any CPU
		{011193C9-4215-4152-869B-2FFD3266149F}.Debug|Any CPU.Build.0 = Debug|Any CPU
		{011193C9-4215-4152-869B-2FFD3266149F}.Release|Any CPU.ActiveCfg = Release|Any CPU
		{011193C9-4215-4152-869B-2FFD3266149F}.Release|Any CPU.Build.0 = Release|Any CPU
		{D7D61397-95B7-491D-B808-5C5D9D111AB5}.Debug|Any CPU.ActiveCfg = Debug|Any CPU
		{D7D61397-95B7-491D-B808-5C5D9D111AB5}.Debug|Any CPU.Build.0 = Debug|Any CPU
		{D7D61397-95B7-491D-B808-5C5D9D111AB5}.Release|Any CPU.ActiveCfg = Release|Any CPU
		{D7D61397-95B7-491D-B808-5C5D9D111AB5}.Release|Any CPU.Build.0 = Release|Any CPU
		{B23B58FF-DBFE-4E13-B453-7E51F0931C67}.Debug|Any CPU.ActiveCfg = Debug|Any CPU
		{B23B58FF-DBFE-4E13-B453-7E51F0931C67}.Debug|Any CPU.Build.0 = Debug|Any CPU
		{B23B58FF-DBFE-4E13-B453-7E51F0931C67}.Release|Any CPU.ActiveCfg = Release|Any CPU
		{B23B58FF-DBFE-4E13-B453-7E51F0931C67}.Release|Any CPU.Build.0 = Release|Any CPU
		{52872EC3-AC34-4114-A535-9E823EA23D80}.Debug|Any CPU.ActiveCfg = Debug|Any CPU
		{52872EC3-AC34-4114-A535-9E823EA23D80}.Debug|Any CPU.Build.0 = Debug|Any CPU
		{52872EC3-AC34-4114-A535-9E823EA23D80}.Release|Any CPU.ActiveCfg = Release|Any CPU
		{52872EC3-AC34-4114-A535-9E823EA23D80}.Release|Any CPU.Build.0 = Release|Any CPU
		{2E4ADB92-6F6F-4D42-B601-EBCE8EB445A0}.Debug|Any CPU.ActiveCfg = Debug|Any CPU
		{2E4ADB92-6F6F-4D42-B601-EBCE8EB445A0}.Debug|Any CPU.Build.0 = Debug|Any CPU
		{2E4ADB92-6F6F-4D42-B601-EBCE8EB445A0}.Release|Any CPU.ActiveCfg = Release|Any CPU
		{2E4ADB92-6F6F-4D42-B601-EBCE8EB445A0}.Release|Any CPU.Build.0 = Release|Any CPU
		{4161EA36-C1B6-4DC5-9BB5-510C889A7F2F}.Debug|Any CPU.ActiveCfg = Debug|Any CPU
		{4161EA36-C1B6-4DC5-9BB5-510C889A7F2F}.Debug|Any CPU.Build.0 = Debug|Any CPU
		{4161EA36-C1B6-4DC5-9BB5-510C889A7F2F}.Release|Any CPU.ActiveCfg = Release|Any CPU
		{4161EA36-C1B6-4DC5-9BB5-510C889A7F2F}.Release|Any CPU.Build.0 = Release|Any CPU
		{CA52FDD4-214A-44C0-8F61-EBF00E79F007}.Debug|Any CPU.ActiveCfg = Debug|Any CPU
		{CA52FDD4-214A-44C0-8F61-EBF00E79F007}.Debug|Any CPU.Build.0 = Debug|Any CPU
		{CA52FDD4-214A-44C0-8F61-EBF00E79F007}.Release|Any CPU.ActiveCfg = Release|Any CPU
		{CA52FDD4-214A-44C0-8F61-EBF00E79F007}.Release|Any CPU.Build.0 = Release|Any CPU
	EndGlobalSection
	GlobalSection(SolutionProperties) = preSolution
		HideSolutionNode = FALSE
	EndGlobalSection
	GlobalSection(NestedProjects) = preSolution
		{03538A00-11DA-4533-B226-E3FBF0EB6A7B} = {6D76DD33-0DC5-4CCA-B15C-3CE9B5EE3389}
		{D0269F5D-C60C-4112-9DEB-3476A1CA633B} = {03538A00-11DA-4533-B226-E3FBF0EB6A7B}
		{0792A0E6-5CBC-458A-87F1-258F1E50AC92} = {19B7CBC3-9229-4A48-A679-D4F9F3495698}
		{E9645335-69D7-4A3A-BEF1-6C7A515F6E41} = {6D76DD33-0DC5-4CCA-B15C-3CE9B5EE3389}
		{011193C9-4215-4152-869B-2FFD3266149F} = {E9645335-69D7-4A3A-BEF1-6C7A515F6E41}
		{C8CDE959-9E27-40AF-A384-1D3269C4110A} = {6D76DD33-0DC5-4CCA-B15C-3CE9B5EE3389}
		{D7D61397-95B7-491D-B808-5C5D9D111AB5} = {C8CDE959-9E27-40AF-A384-1D3269C4110A}
		{597155E9-2EF3-434C-9458-7BC3AC76698F} = {6D76DD33-0DC5-4CCA-B15C-3CE9B5EE3389}
		{B23B58FF-DBFE-4E13-B453-7E51F0931C67} = {597155E9-2EF3-434C-9458-7BC3AC76698F}
		{52872EC3-AC34-4114-A535-9E823EA23D80} = {597155E9-2EF3-434C-9458-7BC3AC76698F}
		{2E4ADB92-6F6F-4D42-B601-EBCE8EB445A0} = {597155E9-2EF3-434C-9458-7BC3AC76698F}
		{4161EA36-C1B6-4DC5-9BB5-510C889A7F2F} = {597155E9-2EF3-434C-9458-7BC3AC76698F}
		{CA52FDD4-214A-44C0-8F61-EBF00E79F007} = {19B7CBC3-9229-4A48-A679-D4F9F3495698}
	EndGlobalSection
	GlobalSection(ExtensibilityGlobals) = postSolution
		SolutionGuid = {2D88E6E8-9411-4899-9B7D-5558EAC9B7DA}
	EndGlobalSection
EndGlobal
